version = 1
revision = 1
requires-python = ">=3.10, <3.12"

[[package]]
name = "linear-regression-model"
version = "0.1.0"
source = { virtual = "." }
dependencies = [
    { name = "fastapi" },
    { name = "joblib" },
    { name = "jupyter" },
    { name = "matplotlib" },
    { name = "numpy" },
    { name = "pandas" },
    { name = "pydantic" },
    { name = "python-multipart" },
    { name = "scikit-learn" },
    { name = "seaborn" },
    { name = "uvicorn" },
]

[[package]]
name = "fastapi"
version = "0.111.0"
source = { registry = "https://pypi.org/simple" }
dependencies = [
    { name = "pydantic" },
    { name = "starlette" },
]

[[package]]
name = "joblib"
version = "1.4.2"
source = { registry = "https://pypi.org/simple" }

[[package]]
name = "numpy"
version = "1.26.4"
source = { registry = "https://pypi.org/simple" }

[[package]]
name = "pandas"
version = "2.2.2"
source = { registry = "https://pypi.org/simple" }
dependencies = [
    { name = "numpy" },
    { name = "python-dateutil" },
    { name = "pytz" },
]

[[package]]
name = "pydantic"
version = "2.7.4"
source = { registry = "https://pypi.org/simple" }

[[package]]
name = "scikit-learn"
version = "1.5.0"
source = { registry = "https://pypi.org/simple" }
dependencies = [
    { name = "joblib" },
    { name = "numpy" },
    { name = "scipy" },
    { name = "threadpoolctl" },
]

[[package]]
name = "uvicorn"
version = "0.30.1"
source = { registry = "https://pypi.org/simple" }